// !$*UTF8*$!
{
	archiveVersion = 1;
	classes = {
	};
	objectVersion = 50;
	objects = {

/* Begin PBXBuildFile section */
		C57DCFA12566D5C30040A19F /* AppDelegate.swift in Sources */ = {isa = PBXBuildFile; fileRef = C57DCFA02566D5C30040A19F /* AppDelegate.swift */; };
		C57DCFA32566D5C30040A19F /* SceneDelegate.swift in Sources */ = {isa = PBXBuildFile; fileRef = C57DCFA22566D5C30040A19F /* SceneDelegate.swift */; };
		C57DCFA52566D5C30040A19F /* ViewController.swift in Sources */ = {isa = PBXBuildFile; fileRef = C57DCFA42566D5C30040A19F /* ViewController.swift */; };
		C57DCFA82566D5C30040A19F /* Main.storyboard in Resources */ = {isa = PBXBuildFile; fileRef = C57DCFA62566D5C30040A19F /* Main.storyboard */; };
		C57DCFAA2566D5C60040A19F /* Assets.xcassets in Resources */ = {isa = PBXBuildFile; fileRef = C57DCFA92566D5C60040A19F /* Assets.xcassets */; };
		C57DCFAD2566D5C60040A19F /* LaunchScreen.storyboard in Resources */ = {isa = PBXBuildFile; fileRef = C57DCFAB2566D5C60040A19F /* LaunchScreen.storyboard */; };
		C57DCFB62566D8B20040A19F /* GoogleService-Info.plist in Resources */ = {isa = PBXBuildFile; fileRef = C57DCFB52566D8B20040A19F /* GoogleService-Info.plist */; };
		D4563365ACCD9E12B74ADC5C /* Pods_quiz.framework in Frameworks */ = {isa = PBXBuildFile; fileRef = 3FC369B3E08E791DC33C783F /* Pods_quiz.framework */; };
/* End PBXBuildFile section */

/* Begin PBXFileReference section */
		3FC369B3E08E791DC33C783F /* Pods_quiz.framework */ = {isa = PBXFileReference; explicitFileType = wrapper.framework; includeInIndex = 0; path = Pods_quiz.framework; sourceTree = BUILT_PRODUCTS_DIR; };
		BC34FA3B4290C8EB5E39443A /* Pods-quiz.release.xcconfig */ = {isa = PBXFileReference; includeInIndex = 1; lastKnownFileType = text.xcconfig; name = "Pods-quiz.release.xcconfig"; path = "Target Support Files/Pods-quiz/Pods-quiz.release.xcconfig"; sourceTree = "<group>"; };
		C57DCF9D2566D5C30040A19F /* quiz.app */ = {isa = PBXFileReference; explicitFileType = wrapper.application; includeInIndex = 0; path = quiz.app; sourceTree = BUILT_PRODUCTS_DIR; };
		C57DCFA02566D5C30040A19F /* AppDelegate.swift */ = {isa = PBXFileReference; lastKnownFileType = sourcecode.swift; path = AppDelegate.swift; sourceTree = "<group>"; };
		C57DCFA22566D5C30040A19F /* SceneDelegate.swift */ = {isa = PBXFileReference; lastKnownFileType = sourcecode.swift; path = SceneDelegate.swift; sourceTree = "<group>"; };
		C57DCFA42566D5C30040A19F /* ViewController.swift */ = {isa = PBXFileReference; lastKnownFileType = sourcecode.swift; path = ViewController.swift; sourceTree = "<group>"; };
		C57DCFA72566D5C30040A19F /* Base */ = {isa = PBXFileReference; lastKnownFileType = file.storyboard; name = Base; path = Base.lproj/Main.storyboard; sourceTree = "<group>"; };
		C57DCFA92566D5C60040A19F /* Assets.xcassets */ = {isa = PBXFileReference; lastKnownFileType = folder.assetcatalog; path = Assets.xcassets; sourceTree = "<group>"; };
		C57DCFAC2566D5C60040A19F /* Base */ = {isa = PBXFileReference; lastKnownFileType = file.storyboard; name = Base; path = Base.lproj/LaunchScreen.storyboard; sourceTree = "<group>"; };
		C57DCFAE2566D5C60040A19F /* Info.plist */ = {isa = PBXFileReference; lastKnownFileType = text.plist.xml; path = Info.plist; sourceTree = "<group>"; };
		C57DCFB52566D8B20040A19F /* GoogleService-Info.plist */ = {isa = PBXFileReference; fileEncoding = 4; lastKnownFileType = text.plist.xml; path = "GoogleService-Info.plist"; sourceTree = "<group>"; };
		FE94825E415C240CEE413990 /* Pods-quiz.debug.xcconfig */ = {isa = PBXFileReference; includeInIndex = 1; lastKnownFileType = text.xcconfig; name = "Pods-quiz.debug.xcconfig"; path = "Target Support Files/Pods-quiz/Pods-quiz.debug.xcconfig"; sourceTree = "<group>"; };
/* End PBXFileReference section */

/* Begin PBXFrameworksBuildPhase section */
		C57DCF9A2566D5C30040A19F /* Frameworks */ = {
			isa = PBXFrameworksBuildPhase;
			buildActionMask = 2147483647;
			files = (
				D4563365ACCD9E12B74ADC5C /* Pods_quiz.framework in Frameworks */,
			);
			runOnlyForDeploymentPostprocessing = 0;
		};
/* End PBXFrameworksBuildPhase section */

/* Begin PBXGroup section */
		329F0FA1685506F58296CB9C /* Pods */ = {
			isa = PBXGroup;
			children = (
				FE94825E415C240CEE413990 /* Pods-quiz.debug.xcconfig */,
				BC34FA3B4290C8EB5E39443A /* Pods-quiz.release.xcconfig */,
			);
			name = Pods;
			path = Pods;
			sourceTree = "<group>";
		};
		38DCFFDA8B952F144B354946 /* Frameworks */ = {
			isa = PBXGroup;
			children = (
				3FC369B3E08E791DC33C783F /* Pods_quiz.framework */,
			);
			name = Frameworks;
			sourceTree = "<group>";
		};
		C57DCF942566D5C30040A19F = {
			isa = PBXGroup;
			children = (
				C57DCF9F2566D5C30040A19F /* quiz */,
				C57DCF9E2566D5C30040A19F /* Products */,
				329F0FA1685506F58296CB9C /* Pods */,
				38DCFFDA8B952F144B354946 /* Frameworks */,
			);
			sourceTree = "<group>";
		};
		C57DCF9E2566D5C30040A19F /* Products */ = {
			isa = PBXGroup;
			children = (
				C57DCF9D2566D5C30040A19F /* quiz.app */,
			);
			name = Products;
			sourceTree = "<group>";
		};
		C57DCF9F2566D5C30040A19F /* quiz */ = {
			isa = PBXGroup;
			children = (
				C57DCFA02566D5C30040A19F /* AppDelegate.swift */,
				C57DCFA22566D5C30040A19F /* SceneDelegate.swift */,
				C57DCFA42566D5C30040A19F /* ViewController.swift */,
				C57DCFA62566D5C30040A19F /* Main.storyboard */,
				C57DCFA92566D5C60040A19F /* Assets.xcassets */,
				C57DCFAB2566D5C60040A19F /* LaunchScreen.storyboard */,
				C57DCFAE2566D5C60040A19F /* Info.plist */,
				C57DCFB52566D8B20040A19F /* GoogleService-Info.plist */,
			);
			path = quiz;
			sourceTree = "<group>";
		};
/* End PBXGroup section */

/* Begin PBXNativeTarget section */
		C57DCF9C2566D5C30040A19F /* quiz */ = {
			isa = PBXNativeTarget;
			buildConfigurationList = C57DCFB12566D5C60040A19F /* Build configuration list for PBXNativeTarget "quiz" */;
			buildPhases = (
				0AB38F38D577A51ED94C9038 /* [CP] Check Pods Manifest.lock */,
				C57DCF992566D5C30040A19F /* Sources */,
				C57DCF9A2566D5C30040A19F /* Frameworks */,
				C57DCF9B2566D5C30040A19F /* Resources */,
				279DE21D2EC0F68D8769BA4C /* [CP] Embed Pods Frameworks */,
			);
			buildRules = (
			);
			dependencies = (
			);
			name = quiz;
			productName = quiz;
			productReference = C57DCF9D2566D5C30040A19F /* quiz.app */;
			productType = "com.apple.product-type.application";
		};
/* End PBXNativeTarget section */

/* Begin PBXProject section */
		C57DCF952566D5C30040A19F /* Project object */ = {
			isa = PBXProject;
			attributes = {
				LastSwiftUpdateCheck = 1220;
				LastUpgradeCheck = 1220;
				TargetAttributes = {
					C57DCF9C2566D5C30040A19F = {
						CreatedOnToolsVersion = 12.2;
					};
				};
			};
			buildConfigurationList = C57DCF982566D5C30040A19F /* Build configuration list for PBXProject "quiz" */;
			compatibilityVersion = "Xcode 9.3";
			developmentRegion = en;
			hasScannedForEncodings = 0;
			knownRegions = (
				en,
				Base,
			);
			mainGroup = C57DCF942566D5C30040A19F;
			productRefGroup = C57DCF9E2566D5C30040A19F /* Products */;
			projectDirPath = "";
			projectRoot = "";
			targets = (
				C57DCF9C2566D5C30040A19F /* quiz */,
			);
		};
/* End PBXProject section */

/* Begin PBXResourcesBuildPhase section */
		C57DCF9B2566D5C30040A19F /* Resources */ = {
			isa = PBXResourcesBuildPhase;
			buildActionMask = 2147483647;
			files = (
				C57DCFAD2566D5C60040A19F /* LaunchScreen.storyboard in Resources */,
				C57DCFB62566D8B20040A19F /* GoogleService-Info.plist in Resources */,
				C57DCFAA2566D5C60040A19F /* Assets.xcassets in Resources */,
				C57DCFA82566D5C30040A19F /* Main.storyboard in Resources */,
			);
			runOnlyForDeploymentPostprocessing = 0;
		};
/* End PBXResourcesBuildPhase section */

/* Begin PBXShellScriptBuildPhase section */
		0AB38F38D577A51ED94C9038 /* [CP] Check Pods Manifest.lock */ = {
			isa = PBXShellScriptBuildPhase;
			buildActionMask = 2147483647;
			files = (
			);
			inputFileListPaths = (
			);
			inputPaths = (
				"${PODS_PODFILE_DIR_PATH}/Podfile.lock",
				"${PODS_ROOT}/Manifest.lock",
			);
			name = "[CP] Check Pods Manifest.lock";
			outputFileListPaths = (
			);
			outputPaths = (
				"$(DERIVED_FILE_DIR)/Pods-quiz-checkManifestLockResult.txt",
			);
			runOnlyForDeploymentPostprocessing = 0;
			shellPath = /bin/sh;
			shellScript = "diff \"${PODS_PODFILE_DIR_PATH}/Podfile.lock\" \"${PODS_ROOT}/Manifest.lock\" > /dev/null\nif [ $? != 0 ] ; then\n    # print error to STDERR\n    echo \"error: The sandbox is not in sync with the Podfile.lock. Run 'pod install' or update your CocoaPods installation.\" >&2\n    exit 1\nfi\n# This output is used by Xcode 'outputs' to avoid re-running this script phase.\necho \"SUCCESS\" > \"${SCRIPT_OUTPUT_FILE_0}\"\n";
			showEnvVarsInLog = 0;
		};
		279DE21D2EC0F68D8769BA4C /* [CP] Embed Pods Frameworks */ = {
			isa = PBXShellScriptBuildPhase;
			buildActionMask = 2147483647;
			files = (
			);
			inputFileListPaths = (
				"${PODS_ROOT}/Target Support Files/Pods-quiz/Pods-quiz-frameworks-${CONFIGURATION}-input-files.xcfilelist",
			);
			name = "[CP] Embed Pods Frameworks";
			outputFileListPaths = (
				"${PODS_ROOT}/Target Support Files/Pods-quiz/Pods-quiz-frameworks-${CONFIGURATION}-output-files.xcfilelist",
			);
			runOnlyForDeploymentPostprocessing = 0;
			shellPath = /bin/sh;
			shellScript = "\"${PODS_ROOT}/Target Support Files/Pods-quiz/Pods-quiz-frameworks.sh\"\n";
			showEnvVarsInLog = 0;
		};
/* End PBXShellScriptBuildPhase section */

/* Begin PBXSourcesBuildPhase section */
		C57DCF992566D5C30040A19F /* Sources */ = {
			isa = PBXSourcesBuildPhase;
			buildActionMask = 2147483647;
			files = (
				C57DCFA52566D5C30040A19F /* ViewController.swift in Sources */,
				C57DCFA12566D5C30040A19F /* AppDelegate.swift in Sources */,
				C57DCFA32566D5C30040A19F /* SceneDelegate.swift in Sources */,
			);
			runOnlyForDeploymentPostprocessing = 0;
		};
/* End PBXSourcesBuildPhase section */

/* Begin PBXVariantGroup section */
		C57DCFA62566D5C30040A19F /* Main.storyboard */ = {
			isa = PBXVariantGroup;
			children = (
				C57DCFA72566D5C30040A19F /* Base */,
			);
			name = Main.storyboard;
			sourceTree = "<group>";
		};
		C57DCFAB2566D5C60040A19F /* LaunchScreen.storyboard */ = {
			isa = PBXVariantGroup;
			children = (
				C57DCFAC2566D5C60040A19F /* Base */,
			);
			name = LaunchScreen.storyboard;
			sourceTree = "<group>";
		};
/* End PBXVariantGroup section */

/* Begin XCBuildConfiguration section */
		C57DCFAF2566D5C60040A19F /* Debug */ = {
			isa = XCBuildConfiguration;
			buildSettings = {
				ALWAYS_SEARCH_USER_PATHS = NO;
				CLANG_ANALYZER_NONNULL = YES;
				CLANG_ANALYZER_NUMBER_OBJECT_CONVERSION = YES_AGGRESSIVE;
				CLANG_CXX_LANGUAGE_STANDARD = "gnu++14";
				CLANG_CXX_LIBRARY = "libc++";
				CLANG_ENABLE_MODULES = YES;
				CLANG_ENABLE_OBJC_ARC = YES;
				CLANG_ENABLE_OBJC_WEAK = YES;
				CLANG_WARN_BLOCK_CAPTURE_AUTORELEASING = YES;
				CLANG_WARN_BOOL_CONVERSION = YES;
				CLANG_WARN_COMMA = YES;
				CLANG_WARN_CONSTANT_CONVERSION = YES;
				CLANG_WARN_DEPRECATED_OBJC_IMPLEMENTATIONS = YES;
				CLANG_WARN_DIRECT_OBJC_ISA_USAGE = YES_ERROR;
				CLANG_WARN_DOCUMENTATION_COMMENTS = YES;
				CLANG_WARN_EMPTY_BODY = YES;
				CLANG_WARN_ENUM_CONVERSION = YES;
				CLANG_WARN_INFINITE_RECURSION = YES;
				CLANG_WARN_INT_CONVERSION = YES;
				CLANG_WARN_NON_LITERAL_NULL_CONVERSION = YES;
				CLANG_WARN_OBJC_IMPLICIT_RETAIN_SELF = YES;
				CLANG_WARN_OBJC_LITERAL_CONVERSION = YES;
				CLANG_WARN_OBJC_ROOT_CLASS = YES_ERROR;
				CLANG_WARN_QUOTED_INCLUDE_IN_FRAMEWORK_HEADER = YES;
				CLANG_WARN_RANGE_LOOP_ANALYSIS = YES;
				CLANG_WARN_STRICT_PROTOTYPES = YES;
				CLANG_WARN_SUSPICIOUS_MOVE = YES;
				CLANG_WARN_UNGUARDED_AVAILABILITY = YES_AGGRESSIVE;
				CLANG_WARN_UNREACHABLE_CODE = YES;
				CLANG_WARN__DUPLICATE_METHOD_MATCH = YES;
				COPY_PHASE_STRIP = NO;
				DEBUG_INFORMATION_FORMAT = dwarf;
				ENABLE_STRICT_OBJC_MSGSEND = YES;
				ENABLE_TESTABILITY = YES;
				GCC_C_LANGUAGE_STANDARD = gnu11;
				GCC_DYNAMIC_NO_PIC = NO;
				GCC_NO_COMMON_BLOCKS = YES;
				GCC_OPTIMIZATION_LEVEL = 0;
				GCC_PREPROCESSOR_DEFINITIONS = (
					"DEBUG=1",
					"$(inherited)",
				);
				GCC_WARN_64_TO_32_BIT_CONVERSION = YES;
				GCC_WARN_ABOUT_RETURN_TYPE = YES_ERROR;
				GCC_WARN_UNDECLARED_SELECTOR = YES;
				GCC_WARN_UNINITIALIZED_AUTOS = YES_AGGRESSIVE;
				GCC_WARN_UNUSED_FUNCTION = YES;
				GCC_WARN_UNUSED_VARIABLE = YES;
				IPHONEOS_DEPLOYMENT_TARGET = 14.2;
				MTL_ENABLE_DEBUG_INFO = INCLUDE_SOURCE;
				MTL_FAST_MATH = YES;
				ONLY_ACTIVE_ARCH = YES;
				SDKROOT = iphoneos;
				SWIFT_ACTIVE_COMPILATION_CONDITIONS = DEBUG;
				SWIFT_OPTIMIZATION_LEVEL = "-Onone";
			};
			name = Debug;
		};
		C57DCFB02566D5C60040A19F /* Release */ = {
			isa = XCBuildConfiguration;
			buildSettings = {
				ALWAYS_SEARCH_USER_PATHS = NO;
				CLANG_ANALYZER_NONNULL = YES;
				CLANG_ANALYZER_NUMBER_OBJECT_CONVERSION = YES_AGGRESSIVE;
				CLANG_CXX_LANGUAGE_STANDARD = "gnu++14";
				CLANG_CXX_LIBRARY = "libc++";
				CLANG_ENABLE_MODULES = YES;
				CLANG_ENABLE_OBJC_ARC = YES;
				CLANG_ENABLE_OBJC_WEAK = YES;
				CLANG_WARN_BLOCK_CAPTURE_AUTORELEASING = YES;
				CLANG_WARN_BOOL_CONVERSION = YES;
				CLANG_WARN_COMMA = YES;
				CLANG_WARN_CONSTANT_CONVERSION = YES;
				CLANG_WARN_DEPRECATED_OBJC_IMPLEMENTATIONS = YES;
				CLANG_WARN_DIRECT_OBJC_ISA_USAGE = YES_ERROR;
				CLANG_WARN_DOCUMENTATION_COMMENTS = YES;
				CLANG_WARN_EMPTY_BODY = YES;
				CLANG_WARN_ENUM_CONVERSION = YES;
				CLANG_WARN_INFINITE_RECURSION = YES;
				CLANG_WARN_INT_CONVERSION = YES;
				CLANG_WARN_NON_LITERAL_NULL_CONVERSION = YES;
				CLANG_WARN_OBJC_IMPLICIT_RETAIN_SELF = YES;
				CLANG_WARN_OBJC_LITERAL_CONVERSION = YES;
				CLANG_WARN_OBJC_ROOT_CLASS = YES_ERROR;
				CLANG_WARN_QUOTED_INCLUDE_IN_FRAMEWORK_HEADER = YES;
				CLANG_WARN_RANGE_LOOP_ANALYSIS = YES;
				CLANG_WARN_STRICT_PROTOTYPES = YES;
				CLANG_WARN_SUSPICIOUS_MOVE = YES;
				CLANG_WARN_UNGUARDED_AVAILABILITY = YES_AGGRESSIVE;
				CLANG_WARN_UNREACHABLE_CODE = YES;
				CLANG_WARN__DUPLICATE_METHOD_MATCH = YES;
				COPY_PHASE_STRIP = NO;
				DEBUG_INFORMATION_FORMAT = "dwarf-with-dsym";
				ENABLE_NS_ASSERTIONS = NO;
				ENABLE_STRICT_OBJC_MSGSEND = YES;
				GCC_C_LANGUAGE_STANDARD = gnu11;
				GCC_NO_COMMON_BLOCKS = YES;
				GCC_WARN_64_TO_32_BIT_CONVERSION = YES;
				GCC_WARN_ABOUT_RETURN_TYPE = YES_ERROR;
				GCC_WARN_UNDECLARED_SELECTOR = YES;
				GCC_WARN_UNINITIALIZED_AUTOS = YES_AGGRESSIVE;
				GCC_WARN_UNUSED_FUNCTION = YES;
				GCC_WARN_UNUSED_VARIABLE = YES;
				IPHONEOS_DEPLOYMENT_TARGET = 14.2;
				MTL_ENABLE_DEBUG_INFO = NO;
				MTL_FAST_MATH = YES;
				SDKROOT = iphoneos;
				SWIFT_COMPILATION_MODE = wholemodule;
				SWIFT_OPTIMIZATION_LEVEL = "-O";
				VALIDATE_PRODUCT = YES;
			};
			name = Release;
		};
		C57DCFB22566D5C60040A19F /* Debug */ = {
			isa = XCBuildConfiguration;
			baseConfigurationReference = FE94825E415C240CEE413990 /* Pods-quiz.debug.xcconfig */;
			buildSettings = {
				ASSETCATALOG_COMPILER_APPICON_NAME = AppIcon;
				ASSETCATALOG_COMPILER_GLOBAL_ACCENT_COLOR_NAME = AccentColor;
				CODE_SIGN_STYLE = Automatic;
				INFOPLIST_FILE = quiz/Info.plist;
				LD_RUNPATH_SEARCH_PATHS = (
					"$(inherited)",
					"@executable_path/Frameworks",
				);
				PRODUCT_BUNDLE_IDENTIFIER = lubacompany.quiz;
				PRODUCT_NAME = "$(TARGET_NAME)";
				SWIFT_VERSION = 5.0;
				TARGETED_DEVICE_FAMILY = "1,2";
			};
			name = Debug;
		};
		C57DCFB32566D5C60040A19F /* Release */ = {
			isa = XCBuildConfiguration;
			baseConfigurationReference = BC34FA3B4290C8EB5E39443A /* Pods-quiz.release.xcconfig */;
			buildSettings = {
				ASSETCATALOG_COMPILER_APPICON_NAME = AppIcon;
				ASSETCATALOG_COMPILER_GLOBAL_ACCENT_COLOR_NAME = AccentColor;
				CODE_SIGN_STYLE = Automatic;
				INFOPLIST_FILE = quiz/Info.plist;
				LD_RUNPATH_SEARCH_PATHS = (
					"$(inherited)",
					"@executable_path/Frameworks",
				);
				PRODUCT_BUNDLE_IDENTIFIER = lubacompany.quiz;
				PRODUCT_NAME = "$(TARGET_NAME)";
				SWIFT_VERSION = 5.0;
				TARGETED_DEVICE_FAMILY = "1,2";
			};
			name = Release;
		};
/* End XCBuildConfiguration section */

/* Begin XCConfigurationList section */
		C57DCF982566D5C30040A19F /* Build configuration list for PBXProject "quiz" */ = {
			isa = XCConfigurationList;
			buildConfigurations = (
				C57DCFAF2566D5C60040A19F /* Debug */,
				C57DCFB02566D5C60040A19F /* Release */,
			);
			defaultConfigurationIsVisible = 0;
			defaultConfigurationName = Release;
		};
		C57DCFB12566D5C60040A19F /* Build configuration list for PBXNativeTarget "quiz" */ = {
			isa = XCConfigurationList;
			buildConfigurations = (
				C57DCFB22566D5C60040A19F /* Debug */,
				C57DCFB32566D5C60040A19F /* Release */,
			);
			defaultConfigurationIsVisible = 0;
			defaultConfigurationName = Release;
		};
/* End XCConfigurationList section */
	};
	rootObject = C57DCF952566D5C30040A19F /* Project object */;
}
